// !$*UTF8*$!
{
	archiveVersion = 1;
	classes = {
	};
	objectVersion = 56;
	objects = {

/* Begin PBXBuildFile section */
		040855052A1C430900595321 /* ContentView.swift in Sources */ = {isa = PBXBuildFile; fileRef = 040855042A1C430900595321 /* ContentView.swift */; };
		0408550A2A1C430A00595321 /* Preview Assets.xcassets in Resources */ = {isa = PBXBuildFile; fileRef = 040855092A1C430A00595321 /* Preview Assets.xcassets */; };
		040855102A1C43B800595321 /* HotelDetailView.swift in Sources */ = {isa = PBXBuildFile; fileRef = 0408550F2A1C43B800595321 /* HotelDetailView.swift */; };
		040855122A1C441300595321 /* PetHotel.swift in Sources */ = {isa = PBXBuildFile; fileRef = 046225952A1B245800B610AD /* PetHotel.swift */; };
		040855132A1C441300595321 /* Order.swift in Sources */ = {isa = PBXBuildFile; fileRef = 046225962A1B245800B610AD /* Order.swift */; };
		040855142A1C441300595321 /* User.swift in Sources */ = {isa = PBXBuildFile; fileRef = 046225972A1B245800B610AD /* User.swift */; };
		040855152A1C443200595321 /* Poppins-Regular.ttf in Resources */ = {isa = PBXBuildFile; fileRef = 046225732A1B23BC00B610AD /* Poppins-Regular.ttf */; };
		040855162A1C443200595321 /* Poppins-Medium.ttf in Resources */ = {isa = PBXBuildFile; fileRef = 046225722A1B23BC00B610AD /* Poppins-Medium.ttf */; };
		040855172A1C443200595321 /* Poppins-Bold.ttf in Resources */ = {isa = PBXBuildFile; fileRef = 046225742A1B23BC00B610AD /* Poppins-Bold.ttf */; };
		040855182A1C443200595321 /* Poppins-SemiBold.ttf in Resources */ = {isa = PBXBuildFile; fileRef = 046225752A1B23BC00B610AD /* Poppins-SemiBold.ttf */; };
		040855192A1C443600595321 /* DefaultButton.swift in Sources */ = {isa = PBXBuildFile; fileRef = 0462257E2A1B240F00B610AD /* DefaultButton.swift */; };
		0408551A2A1C443600595321 /* Color.swift in Sources */ = {isa = PBXBuildFile; fileRef = 0462257F2A1B240F00B610AD /* Color.swift */; };
		0408551B2A1C443600595321 /* SearchBar.swift in Sources */ = {isa = PBXBuildFile; fileRef = 0462257C2A1B240F00B610AD /* SearchBar.swift */; };
		0408551C2A1C443600595321 /* OvalTextFieldStyle.swift in Sources */ = {isa = PBXBuildFile; fileRef = 0462257B2A1B240F00B610AD /* OvalTextFieldStyle.swift */; };
		0408551D2A1C443600595321 /* CustomFont.swift in Sources */ = {isa = PBXBuildFile; fileRef = 0462257D2A1B240F00B610AD /* CustomFont.swift */; };
		040855202A1C458900595321 /* PetZone_IOS.xcdatamodeld in Sources */ = {isa = PBXBuildFile; fileRef = 0462254D2A1B22F800B610AD /* PetZone_IOS.xcdatamodeld */; };
		040855212A1C463400595321 /* Persistence.swift in Sources */ = {isa = PBXBuildFile; fileRef = 0462254B2A1B22F800B610AD /* Persistence.swift */; };
		040855222A1C46EE00595321 /* PetZone_IOSApp.swift in Sources */ = {isa = PBXBuildFile; fileRef = 046225422A1B22F700B610AD /* PetZone_IOSApp.swift */; };
		046225432A1B22F700B610AD /* PetZone_IOSApp.swift in Sources */ = {isa = PBXBuildFile; fileRef = 046225422A1B22F700B610AD /* PetZone_IOSApp.swift */; };
		046225452A1B22F700B610AD /* ContentView.swift in Sources */ = {isa = PBXBuildFile; fileRef = 046225442A1B22F700B610AD /* ContentView.swift */; };
		046225472A1B22F800B610AD /* Assets.xcassets in Resources */ = {isa = PBXBuildFile; fileRef = 046225462A1B22F800B610AD /* Assets.xcassets */; };
		0462254A2A1B22F800B610AD /* Preview Assets.xcassets in Resources */ = {isa = PBXBuildFile; fileRef = 046225492A1B22F800B610AD /* Preview Assets.xcassets */; };
		0462254C2A1B22F800B610AD /* Persistence.swift in Sources */ = {isa = PBXBuildFile; fileRef = 0462254B2A1B22F800B610AD /* Persistence.swift */; };
		0462254F2A1B22F800B610AD /* PetZone_IOS.xcdatamodeld in Sources */ = {isa = PBXBuildFile; fileRef = 0462254D2A1B22F800B610AD /* PetZone_IOS.xcdatamodeld */; };
		046225592A1B22F900B610AD /* PetZone_IOSTests.swift in Sources */ = {isa = PBXBuildFile; fileRef = 046225582A1B22F900B610AD /* PetZone_IOSTests.swift */; };
		046225632A1B22F900B610AD /* PetZone_IOSUITests.swift in Sources */ = {isa = PBXBuildFile; fileRef = 046225622A1B22F900B610AD /* PetZone_IOSUITests.swift */; };
		046225652A1B22F900B610AD /* PetZone_IOSUITestsLaunchTests.swift in Sources */ = {isa = PBXBuildFile; fileRef = 046225642A1B22F900B610AD /* PetZone_IOSUITestsLaunchTests.swift */; };
		046225762A1B23BC00B610AD /* Poppins-Medium.ttf in Resources */ = {isa = PBXBuildFile; fileRef = 046225722A1B23BC00B610AD /* Poppins-Medium.ttf */; };
		046225772A1B23BC00B610AD /* Poppins-Regular.ttf in Resources */ = {isa = PBXBuildFile; fileRef = 046225732A1B23BC00B610AD /* Poppins-Regular.ttf */; };
		046225782A1B23BC00B610AD /* Poppins-Bold.ttf in Resources */ = {isa = PBXBuildFile; fileRef = 046225742A1B23BC00B610AD /* Poppins-Bold.ttf */; };
		046225792A1B23BC00B610AD /* Poppins-SemiBold.ttf in Resources */ = {isa = PBXBuildFile; fileRef = 046225752A1B23BC00B610AD /* Poppins-SemiBold.ttf */; };
		046225802A1B240F00B610AD /* OvalTextFieldStyle.swift in Sources */ = {isa = PBXBuildFile; fileRef = 0462257B2A1B240F00B610AD /* OvalTextFieldStyle.swift */; };
		046225812A1B240F00B610AD /* SearchBar.swift in Sources */ = {isa = PBXBuildFile; fileRef = 0462257C2A1B240F00B610AD /* SearchBar.swift */; };
		046225822A1B240F00B610AD /* CustomFont.swift in Sources */ = {isa = PBXBuildFile; fileRef = 0462257D2A1B240F00B610AD /* CustomFont.swift */; };
		046225832A1B240F00B610AD /* DefaultButton.swift in Sources */ = {isa = PBXBuildFile; fileRef = 0462257E2A1B240F00B610AD /* DefaultButton.swift */; };
		046225842A1B240F00B610AD /* Color.swift in Sources */ = {isa = PBXBuildFile; fileRef = 0462257F2A1B240F00B610AD /* Color.swift */; };
		0462258F2A1B242700B610AD /* EditProfileView.swift in Sources */ = {isa = PBXBuildFile; fileRef = 046225872A1B242700B610AD /* EditProfileView.swift */; };
		046225902A1B242700B610AD /* TransactionView.swift in Sources */ = {isa = PBXBuildFile; fileRef = 046225892A1B242700B610AD /* TransactionView.swift */; };
		046225912A1B242700B610AD /* HomeView.swift in Sources */ = {isa = PBXBuildFile; fileRef = 0462258B2A1B242700B610AD /* HomeView.swift */; };
		046225922A1B242700B610AD /* HotelCardView.swift in Sources */ = {isa = PBXBuildFile; fileRef = 0462258C2A1B242700B610AD /* HotelCardView.swift */; };
		046225932A1B242700B610AD /* HotelDetailView.swift in Sources */ = {isa = PBXBuildFile; fileRef = 0462258E2A1B242700B610AD /* HotelDetailView.swift */; };
		046225982A1B245800B610AD /* PetHotel.swift in Sources */ = {isa = PBXBuildFile; fileRef = 046225952A1B245800B610AD /* PetHotel.swift */; };
		046225992A1B245800B610AD /* Order.swift in Sources */ = {isa = PBXBuildFile; fileRef = 046225962A1B245800B610AD /* Order.swift */; };
		0462259A2A1B245800B610AD /* User.swift in Sources */ = {isa = PBXBuildFile; fileRef = 046225972A1B245800B610AD /* User.swift */; };
		0462259C2A1B2AB200B610AD /* MainView.swift in Sources */ = {isa = PBXBuildFile; fileRef = 0462259B2A1B2AB200B610AD /* MainView.swift */; };
		0465DC182A1C4E6B002FDCAC /* MainView.swift in Sources */ = {isa = PBXBuildFile; fileRef = 0465DC172A1C4E6B002FDCAC /* MainView.swift */; };
		0465DC1A2A1C5099002FDCAC /* HomeView.swift in Sources */ = {isa = PBXBuildFile; fileRef = 0465DC192A1C5099002FDCAC /* HomeView.swift */; };
		0465DC222A1CA6F8002FDCAC /* TransactionView.swift in Sources */ = {isa = PBXBuildFile; fileRef = 0465DC212A1CA6F8002FDCAC /* TransactionView.swift */; };
		0465DC242A1DC4ED002FDCAC /* HotelCardView.swift in Sources */ = {isa = PBXBuildFile; fileRef = 0465DC232A1DC4ED002FDCAC /* HotelCardView.swift */; };
		0465DC262A1EEE05002FDCAC /* HotelViewModel.swift in Sources */ = {isa = PBXBuildFile; fileRef = 0465DC252A1EEE05002FDCAC /* HotelViewModel.swift */; };
		063264652A1E57780040EE6C /* Format.swift in Sources */ = {isa = PBXBuildFile; fileRef = 063264642A1E57780040EE6C /* Format.swift */; };
		0649E6732A2059E900D6CDE2 /* Assets.xcassets in Resources */ = {isa = PBXBuildFile; fileRef = 040855062A1C430A00595321 /* Assets.xcassets */; };
		0649E6742A205A8100D6CDE2 /* Assets.xcassets in Resources */ = {isa = PBXBuildFile; fileRef = 046225462A1B22F800B610AD /* Assets.xcassets */; };
		0649E6752A205C3D00D6CDE2 /* HotelViewModel.swift in Sources */ = {isa = PBXBuildFile; fileRef = 0465DC252A1EEE05002FDCAC /* HotelViewModel.swift */; };
		064A37A62A1B5A0C00FEF914 /* OrderListView.swift in Sources */ = {isa = PBXBuildFile; fileRef = 064A37A32A1B5A0C00FEF914 /* OrderListView.swift */; };
		064A37A72A1B5A0C00FEF914 /* OrderCardView.swift in Sources */ = {isa = PBXBuildFile; fileRef = 064A37A42A1B5A0C00FEF914 /* OrderCardView.swift */; };
		064A37A82A1B5A0C00FEF914 /* OrderDetailView.swift in Sources */ = {isa = PBXBuildFile; fileRef = 064A37A52A1B5A0C00FEF914 /* OrderDetailView.swift */; };
		067EC2E22A1F2BC600D69773 /* Format.swift in Sources */ = {isa = PBXBuildFile; fileRef = 063264642A1E57780040EE6C /* Format.swift */; };
		067EC2E82A1F2C2C00D69773 /* OrderCardView.swift in Sources */ = {isa = PBXBuildFile; fileRef = 067EC2E72A1F2C2C00D69773 /* OrderCardView.swift */; };
		0680A4262A1F44A0009535A1 /* OrderListView.swift in Sources */ = {isa = PBXBuildFile; fileRef = 0680A4252A1F44A0009535A1 /* OrderListView.swift */; };
		0680A4282A1F450B009535A1 /* OrderDetailView.swift in Sources */ = {isa = PBXBuildFile; fileRef = 0680A4272A1F450B009535A1 /* OrderDetailView.swift */; };
		068CC7852A1C53D700099235 /* OrderViewModel.swift in Sources */ = {isa = PBXBuildFile; fileRef = 068CC7842A1C53D700099235 /* OrderViewModel.swift */; };
		068CC7862A1C53D700099235 /* OrderViewModel.swift in Sources */ = {isa = PBXBuildFile; fileRef = 068CC7842A1C53D700099235 /* OrderViewModel.swift */; };
		06EF77012A1E1C450085A50F /* SplashView.swift in Sources */ = {isa = PBXBuildFile; fileRef = 06EF77002A1E1C450085A50F /* SplashView.swift */; };
		06EF77022A1E1CD40085A50F /* SplashView.swift in Sources */ = {isa = PBXBuildFile; fileRef = 06EF77002A1E1C450085A50F /* SplashView.swift */; };
		793E33252A22595600A2DBD7 /* ProfileView.swift in Sources */ = {isa = PBXBuildFile; fileRef = 793E33242A22595600A2DBD7 /* ProfileView.swift */; };
		793E33272A2261B100A2DBD7 /* ProfileDetail.swift in Sources */ = {isa = PBXBuildFile; fileRef = 793E33262A2261B100A2DBD7 /* ProfileDetail.swift */; };
		79491F062A2664E300A20B02 /* EditProfileView.swift in Sources */ = {isa = PBXBuildFile; fileRef = 046225872A1B242700B610AD /* EditProfileView.swift */; };
		79491F072A26650900A20B02 /* ProfileView.swift in Sources */ = {isa = PBXBuildFile; fileRef = 793E33242A22595600A2DBD7 /* ProfileView.swift */; };
		79491F082A26651500A20B02 /* ProfileDetail.swift in Sources */ = {isa = PBXBuildFile; fileRef = 793E33262A2261B100A2DBD7 /* ProfileDetail.swift */; };
/* End PBXBuildFile section */

/* Begin PBXContainerItemProxy section */
		046225552A1B22F900B610AD /* PBXContainerItemProxy */ = {
			isa = PBXContainerItemProxy;
			containerPortal = 046225372A1B22F600B610AD /* Project object */;
			proxyType = 1;
			remoteGlobalIDString = 0462253E2A1B22F600B610AD;
			remoteInfo = "PetZone-IOS";
		};
		0462255F2A1B22F900B610AD /* PBXContainerItemProxy */ = {
			isa = PBXContainerItemProxy;
			containerPortal = 046225372A1B22F600B610AD /* Project object */;
			proxyType = 1;
			remoteGlobalIDString = 0462253E2A1B22F600B610AD;
			remoteInfo = "PetZone-IOS";
		};
/* End PBXContainerItemProxy section */

/* Begin PBXFileReference section */
		040855002A1C430800595321 /* PetZone-MacOS.app */ = {isa = PBXFileReference; explicitFileType = wrapper.application; includeInIndex = 0; path = "PetZone-MacOS.app"; sourceTree = BUILT_PRODUCTS_DIR; };
		040855042A1C430900595321 /* ContentView.swift */ = {isa = PBXFileReference; lastKnownFileType = sourcecode.swift; path = ContentView.swift; sourceTree = "<group>"; };
		040855062A1C430A00595321 /* Assets.xcassets */ = {isa = PBXFileReference; lastKnownFileType = folder.assetcatalog; path = Assets.xcassets; sourceTree = "<group>"; };
		040855092A1C430A00595321 /* Preview Assets.xcassets */ = {isa = PBXFileReference; lastKnownFileType = folder.assetcatalog; path = "Preview Assets.xcassets"; sourceTree = "<group>"; };
		0408550B2A1C430A00595321 /* PetZone_MacOS.entitlements */ = {isa = PBXFileReference; lastKnownFileType = text.plist.entitlements; path = PetZone_MacOS.entitlements; sourceTree = "<group>"; };
		0408550F2A1C43B800595321 /* HotelDetailView.swift */ = {isa = PBXFileReference; lastKnownFileType = sourcecode.swift; path = HotelDetailView.swift; sourceTree = "<group>"; };
		0462253F2A1B22F600B610AD /* PetZone-IOS.app */ = {isa = PBXFileReference; explicitFileType = wrapper.application; includeInIndex = 0; path = "PetZone-IOS.app"; sourceTree = BUILT_PRODUCTS_DIR; };
		046225422A1B22F700B610AD /* PetZone_IOSApp.swift */ = {isa = PBXFileReference; lastKnownFileType = sourcecode.swift; path = PetZone_IOSApp.swift; sourceTree = "<group>"; };
		046225442A1B22F700B610AD /* ContentView.swift */ = {isa = PBXFileReference; lastKnownFileType = sourcecode.swift; path = ContentView.swift; sourceTree = "<group>"; };
		046225462A1B22F800B610AD /* Assets.xcassets */ = {isa = PBXFileReference; lastKnownFileType = folder.assetcatalog; path = Assets.xcassets; sourceTree = "<group>"; };
		046225492A1B22F800B610AD /* Preview Assets.xcassets */ = {isa = PBXFileReference; lastKnownFileType = folder.assetcatalog; path = "Preview Assets.xcassets"; sourceTree = "<group>"; };
		0462254B2A1B22F800B610AD /* Persistence.swift */ = {isa = PBXFileReference; lastKnownFileType = sourcecode.swift; path = Persistence.swift; sourceTree = "<group>"; };
		0462254E2A1B22F800B610AD /* PetZone_IOS.xcdatamodel */ = {isa = PBXFileReference; lastKnownFileType = wrapper.xcdatamodel; path = PetZone_IOS.xcdatamodel; sourceTree = "<group>"; };
		046225542A1B22F900B610AD /* PetZone-IOSTests.xctest */ = {isa = PBXFileReference; explicitFileType = wrapper.cfbundle; includeInIndex = 0; path = "PetZone-IOSTests.xctest"; sourceTree = BUILT_PRODUCTS_DIR; };
		046225582A1B22F900B610AD /* PetZone_IOSTests.swift */ = {isa = PBXFileReference; lastKnownFileType = sourcecode.swift; path = PetZone_IOSTests.swift; sourceTree = "<group>"; };
		0462255E2A1B22F900B610AD /* PetZone-IOSUITests.xctest */ = {isa = PBXFileReference; explicitFileType = wrapper.cfbundle; includeInIndex = 0; path = "PetZone-IOSUITests.xctest"; sourceTree = BUILT_PRODUCTS_DIR; };
		046225622A1B22F900B610AD /* PetZone_IOSUITests.swift */ = {isa = PBXFileReference; lastKnownFileType = sourcecode.swift; path = PetZone_IOSUITests.swift; sourceTree = "<group>"; };
		046225642A1B22F900B610AD /* PetZone_IOSUITestsLaunchTests.swift */ = {isa = PBXFileReference; lastKnownFileType = sourcecode.swift; path = PetZone_IOSUITestsLaunchTests.swift; sourceTree = "<group>"; };
		046225722A1B23BC00B610AD /* Poppins-Medium.ttf */ = {isa = PBXFileReference; lastKnownFileType = file; path = "Poppins-Medium.ttf"; sourceTree = "<group>"; };
		046225732A1B23BC00B610AD /* Poppins-Regular.ttf */ = {isa = PBXFileReference; lastKnownFileType = file; path = "Poppins-Regular.ttf"; sourceTree = "<group>"; };
		046225742A1B23BC00B610AD /* Poppins-Bold.ttf */ = {isa = PBXFileReference; lastKnownFileType = file; path = "Poppins-Bold.ttf"; sourceTree = "<group>"; };
		046225752A1B23BC00B610AD /* Poppins-SemiBold.ttf */ = {isa = PBXFileReference; lastKnownFileType = file; path = "Poppins-SemiBold.ttf"; sourceTree = "<group>"; };
		0462257B2A1B240F00B610AD /* OvalTextFieldStyle.swift */ = {isa = PBXFileReference; fileEncoding = 4; lastKnownFileType = sourcecode.swift; path = OvalTextFieldStyle.swift; sourceTree = "<group>"; };
		0462257C2A1B240F00B610AD /* SearchBar.swift */ = {isa = PBXFileReference; fileEncoding = 4; lastKnownFileType = sourcecode.swift; path = SearchBar.swift; sourceTree = "<group>"; };
		0462257D2A1B240F00B610AD /* CustomFont.swift */ = {isa = PBXFileReference; fileEncoding = 4; lastKnownFileType = sourcecode.swift; path = CustomFont.swift; sourceTree = "<group>"; };
		0462257E2A1B240F00B610AD /* DefaultButton.swift */ = {isa = PBXFileReference; fileEncoding = 4; lastKnownFileType = sourcecode.swift; path = DefaultButton.swift; sourceTree = "<group>"; };
		0462257F2A1B240F00B610AD /* Color.swift */ = {isa = PBXFileReference; fileEncoding = 4; lastKnownFileType = sourcecode.swift; path = Color.swift; sourceTree = "<group>"; };
		046225872A1B242700B610AD /* EditProfileView.swift */ = {isa = PBXFileReference; fileEncoding = 4; lastKnownFileType = sourcecode.swift; path = EditProfileView.swift; sourceTree = "<group>"; };
		046225892A1B242700B610AD /* TransactionView.swift */ = {isa = PBXFileReference; fileEncoding = 4; lastKnownFileType = sourcecode.swift; path = TransactionView.swift; sourceTree = "<group>"; };
		0462258B2A1B242700B610AD /* HomeView.swift */ = {isa = PBXFileReference; fileEncoding = 4; lastKnownFileType = sourcecode.swift; path = HomeView.swift; sourceTree = "<group>"; };
		0462258C2A1B242700B610AD /* HotelCardView.swift */ = {isa = PBXFileReference; fileEncoding = 4; lastKnownFileType = sourcecode.swift; path = HotelCardView.swift; sourceTree = "<group>"; };
		0462258E2A1B242700B610AD /* HotelDetailView.swift */ = {isa = PBXFileReference; fileEncoding = 4; lastKnownFileType = sourcecode.swift; path = HotelDetailView.swift; sourceTree = "<group>"; };
		046225952A1B245800B610AD /* PetHotel.swift */ = {isa = PBXFileReference; fileEncoding = 4; lastKnownFileType = sourcecode.swift; path = PetHotel.swift; sourceTree = "<group>"; };
		046225962A1B245800B610AD /* Order.swift */ = {isa = PBXFileReference; fileEncoding = 4; lastKnownFileType = sourcecode.swift; path = Order.swift; sourceTree = "<group>"; };
		046225972A1B245800B610AD /* User.swift */ = {isa = PBXFileReference; fileEncoding = 4; lastKnownFileType = sourcecode.swift; path = User.swift; sourceTree = "<group>"; };
		0462259B2A1B2AB200B610AD /* MainView.swift */ = {isa = PBXFileReference; lastKnownFileType = sourcecode.swift; path = MainView.swift; sourceTree = "<group>"; };
		0465DC162A1B2BC2002FDCAC /* Info.plist */ = {isa = PBXFileReference; lastKnownFileType = text.plist; path = Info.plist; sourceTree = "<group>"; };
		0465DC172A1C4E6B002FDCAC /* MainView.swift */ = {isa = PBXFileReference; lastKnownFileType = sourcecode.swift; path = MainView.swift; sourceTree = "<group>"; };
		0465DC192A1C5099002FDCAC /* HomeView.swift */ = {isa = PBXFileReference; lastKnownFileType = sourcecode.swift; path = HomeView.swift; sourceTree = "<group>"; };
		0465DC1F2A1CA1A2002FDCAC /* Info.plist */ = {isa = PBXFileReference; lastKnownFileType = text.plist; path = Info.plist; sourceTree = "<group>"; };
		0465DC212A1CA6F8002FDCAC /* TransactionView.swift */ = {isa = PBXFileReference; lastKnownFileType = sourcecode.swift; path = TransactionView.swift; sourceTree = "<group>"; };
		0465DC232A1DC4ED002FDCAC /* HotelCardView.swift */ = {isa = PBXFileReference; lastKnownFileType = sourcecode.swift; path = HotelCardView.swift; sourceTree = "<group>"; };
		0465DC252A1EEE05002FDCAC /* HotelViewModel.swift */ = {isa = PBXFileReference; lastKnownFileType = sourcecode.swift; path = HotelViewModel.swift; sourceTree = "<group>"; };
		063264642A1E57780040EE6C /* Format.swift */ = {isa = PBXFileReference; lastKnownFileType = sourcecode.swift; path = Format.swift; sourceTree = "<group>"; };
		064A37A32A1B5A0C00FEF914 /* OrderListView.swift */ = {isa = PBXFileReference; fileEncoding = 4; lastKnownFileType = sourcecode.swift; path = OrderListView.swift; sourceTree = "<group>"; };
		064A37A42A1B5A0C00FEF914 /* OrderCardView.swift */ = {isa = PBXFileReference; fileEncoding = 4; lastKnownFileType = sourcecode.swift; path = OrderCardView.swift; sourceTree = "<group>"; };
		064A37A52A1B5A0C00FEF914 /* OrderDetailView.swift */ = {isa = PBXFileReference; fileEncoding = 4; lastKnownFileType = sourcecode.swift; path = OrderDetailView.swift; sourceTree = "<group>"; };
		067EC2E72A1F2C2C00D69773 /* OrderCardView.swift */ = {isa = PBXFileReference; lastKnownFileType = sourcecode.swift; path = OrderCardView.swift; sourceTree = "<group>"; };
		0680A4252A1F44A0009535A1 /* OrderListView.swift */ = {isa = PBXFileReference; lastKnownFileType = sourcecode.swift; path = OrderListView.swift; sourceTree = "<group>"; };
		0680A4272A1F450B009535A1 /* OrderDetailView.swift */ = {isa = PBXFileReference; lastKnownFileType = sourcecode.swift; path = OrderDetailView.swift; sourceTree = "<group>"; };
		068CC7842A1C53D700099235 /* OrderViewModel.swift */ = {isa = PBXFileReference; fileEncoding = 4; lastKnownFileType = sourcecode.swift; path = OrderViewModel.swift; sourceTree = "<group>"; };
		06EF77002A1E1C450085A50F /* SplashView.swift */ = {isa = PBXFileReference; fileEncoding = 4; lastKnownFileType = sourcecode.swift; path = SplashView.swift; sourceTree = "<group>"; };
		793E33242A22595600A2DBD7 /* ProfileView.swift */ = {isa = PBXFileReference; lastKnownFileType = sourcecode.swift; path = ProfileView.swift; sourceTree = "<group>"; };
		793E33262A2261B100A2DBD7 /* ProfileDetail.swift */ = {isa = PBXFileReference; lastKnownFileType = sourcecode.swift; path = ProfileDetail.swift; sourceTree = "<group>"; };
/* End PBXFileReference section */

/* Begin PBXFrameworksBuildPhase section */
		040854FD2A1C430800595321 /* Frameworks */ = {
			isa = PBXFrameworksBuildPhase;
			buildActionMask = 2147483647;
			files = (
			);
			runOnlyForDeploymentPostprocessing = 0;
		};
		0462253C2A1B22F600B610AD /* Frameworks */ = {
			isa = PBXFrameworksBuildPhase;
			buildActionMask = 2147483647;
			files = (
			);
			runOnlyForDeploymentPostprocessing = 0;
		};
		046225512A1B22F900B610AD /* Frameworks */ = {
			isa = PBXFrameworksBuildPhase;
			buildActionMask = 2147483647;
			files = (
			);
			runOnlyForDeploymentPostprocessing = 0;
		};
		0462255B2A1B22F900B610AD /* Frameworks */ = {
			isa = PBXFrameworksBuildPhase;
			buildActionMask = 2147483647;
			files = (
			);
			runOnlyForDeploymentPostprocessing = 0;
		};
/* End PBXFrameworksBuildPhase section */

/* Begin PBXGroup section */
		040855012A1C430900595321 /* PetZone-MacOS */ = {
			isa = PBXGroup;
			children = (
				067EC2E62A1F2BF600D69773 /* Order */,
				0465DC1F2A1CA1A2002FDCAC /* Info.plist */,
				040855112A1C43CC00595321 /* Hotel */,
				040855042A1C430900595321 /* ContentView.swift */,
				040855062A1C430A00595321 /* Assets.xcassets */,
				0408550B2A1C430A00595321 /* PetZone_MacOS.entitlements */,
				040855082A1C430A00595321 /* Preview Content */,
				0465DC172A1C4E6B002FDCAC /* MainView.swift */,
				0465DC232A1DC4ED002FDCAC /* HotelCardView.swift */,
			);
			path = "PetZone-MacOS";
			sourceTree = "<group>";
		};
		040855082A1C430A00595321 /* Preview Content */ = {
			isa = PBXGroup;
			children = (
				040855092A1C430A00595321 /* Preview Assets.xcassets */,
			);
			path = "Preview Content";
			sourceTree = "<group>";
		};
		040855112A1C43CC00595321 /* Hotel */ = {
			isa = PBXGroup;
			children = (
				0465DC192A1C5099002FDCAC /* HomeView.swift */,
				0408550F2A1C43B800595321 /* HotelDetailView.swift */,
			);
			path = Hotel;
			sourceTree = "<group>";
		};
		046225362A1B22F600B610AD = {
			isa = PBXGroup;
			children = (
				046225412A1B22F700B610AD /* PetZone-IOS */,
				046225572A1B22F900B610AD /* PetZone-IOSTests */,
				046225612A1B22F900B610AD /* PetZone-IOSUITests */,
				040855012A1C430900595321 /* PetZone-MacOS */,
				046225402A1B22F600B610AD /* Products */,
			);
			sourceTree = "<group>";
		};
		046225402A1B22F600B610AD /* Products */ = {
			isa = PBXGroup;
			children = (
				0462253F2A1B22F600B610AD /* PetZone-IOS.app */,
				046225542A1B22F900B610AD /* PetZone-IOSTests.xctest */,
				0462255E2A1B22F900B610AD /* PetZone-IOSUITests.xctest */,
				040855002A1C430800595321 /* PetZone-MacOS.app */,
			);
			name = Products;
			sourceTree = "<group>";
		};
		046225412A1B22F700B610AD /* PetZone-IOS */ = {
			isa = PBXGroup;
			children = (
				0465DC162A1B2BC2002FDCAC /* Info.plist */,
				046225942A1B245800B610AD /* Model */,
				046225852A1B242700B610AD /* View */,
				046225712A1B23BC00B610AD /* Fonts */,
				0462257A2A1B240F00B610AD /* Helper */,
				046225422A1B22F700B610AD /* PetZone_IOSApp.swift */,
				046225442A1B22F700B610AD /* ContentView.swift */,
				0462259B2A1B2AB200B610AD /* MainView.swift */,
				046225462A1B22F800B610AD /* Assets.xcassets */,
				0462254B2A1B22F800B610AD /* Persistence.swift */,
				0462254D2A1B22F800B610AD /* PetZone_IOS.xcdatamodeld */,
				046225482A1B22F800B610AD /* Preview Content */,
			);
			path = "PetZone-IOS";
			sourceTree = "<group>";
		};
		046225482A1B22F800B610AD /* Preview Content */ = {
			isa = PBXGroup;
			children = (
				046225492A1B22F800B610AD /* Preview Assets.xcassets */,
			);
			path = "Preview Content";
			sourceTree = "<group>";
		};
		046225572A1B22F900B610AD /* PetZone-IOSTests */ = {
			isa = PBXGroup;
			children = (
				046225582A1B22F900B610AD /* PetZone_IOSTests.swift */,
			);
			path = "PetZone-IOSTests";
			sourceTree = "<group>";
		};
		046225612A1B22F900B610AD /* PetZone-IOSUITests */ = {
			isa = PBXGroup;
			children = (
				046225622A1B22F900B610AD /* PetZone_IOSUITests.swift */,
				046225642A1B22F900B610AD /* PetZone_IOSUITestsLaunchTests.swift */,
			);
			path = "PetZone-IOSUITests";
			sourceTree = "<group>";
		};
		046225712A1B23BC00B610AD /* Fonts */ = {
			isa = PBXGroup;
			children = (
				046225722A1B23BC00B610AD /* Poppins-Medium.ttf */,
				046225732A1B23BC00B610AD /* Poppins-Regular.ttf */,
				046225742A1B23BC00B610AD /* Poppins-Bold.ttf */,
				046225752A1B23BC00B610AD /* Poppins-SemiBold.ttf */,
			);
			path = Fonts;
			sourceTree = "<group>";
		};
		0462257A2A1B240F00B610AD /* Helper */ = {
			isa = PBXGroup;
			children = (
				0462257B2A1B240F00B610AD /* OvalTextFieldStyle.swift */,
				0462257C2A1B240F00B610AD /* SearchBar.swift */,
				0462257D2A1B240F00B610AD /* CustomFont.swift */,
				0462257E2A1B240F00B610AD /* DefaultButton.swift */,
				0462257F2A1B240F00B610AD /* Color.swift */,
				063264642A1E57780040EE6C /* Format.swift */,
				793E33262A2261B100A2DBD7 /* ProfileDetail.swift */,
			);
			path = Helper;
			sourceTree = "<group>";
		};
		046225852A1B242700B610AD /* View */ = {
			isa = PBXGroup;
			children = (
				793E33232A22593400A2DBD7 /* Profile */,
				06EF76FF2A1E1C450085A50F /* Splash */,
				064A37A22A1B5A0C00FEF914 /* Order */,
				046225862A1B242700B610AD /* EditProfile */,
				0462258D2A1B242700B610AD /* Hotel */,
			);
			path = View;
			sourceTree = "<group>";
		};
		046225862A1B242700B610AD /* EditProfile */ = {
			isa = PBXGroup;
			children = (
				046225872A1B242700B610AD /* EditProfileView.swift */,
			);
			path = EditProfile;
			sourceTree = "<group>";
		};
		0462258D2A1B242700B610AD /* Hotel */ = {
			isa = PBXGroup;
			children = (
				0465DC252A1EEE05002FDCAC /* HotelViewModel.swift */,
				0462258B2A1B242700B610AD /* HomeView.swift */,
				0462258C2A1B242700B610AD /* HotelCardView.swift */,
				0462258E2A1B242700B610AD /* HotelDetailView.swift */,
			);
			path = Hotel;
			sourceTree = "<group>";
		};
		046225942A1B245800B610AD /* Model */ = {
			isa = PBXGroup;
			children = (
				046225952A1B245800B610AD /* PetHotel.swift */,
				046225962A1B245800B610AD /* Order.swift */,
				046225972A1B245800B610AD /* User.swift */,
			);
			path = Model;
			sourceTree = "<group>";
		};
		064A37A22A1B5A0C00FEF914 /* Order */ = {
			isa = PBXGroup;
			children = (
				068CC7842A1C53D700099235 /* OrderViewModel.swift */,
				064A37A32A1B5A0C00FEF914 /* OrderListView.swift */,
				064A37A42A1B5A0C00FEF914 /* OrderCardView.swift */,
				064A37A52A1B5A0C00FEF914 /* OrderDetailView.swift */,
				046225892A1B242700B610AD /* TransactionView.swift */,
			);
			path = Order;
			sourceTree = "<group>";
		};
		067EC2E62A1F2BF600D69773 /* Order */ = {
			isa = PBXGroup;
			children = (
				0465DC212A1CA6F8002FDCAC /* TransactionView.swift */,
				067EC2E72A1F2C2C00D69773 /* OrderCardView.swift */,
				0680A4252A1F44A0009535A1 /* OrderListView.swift */,
				0680A4272A1F450B009535A1 /* OrderDetailView.swift */,
			);
			path = Order;
			sourceTree = "<group>";
		};
		06EF76FF2A1E1C450085A50F /* Splash */ = {
			isa = PBXGroup;
			children = (
				06EF77002A1E1C450085A50F /* SplashView.swift */,
			);
			path = Splash;
			sourceTree = "<group>";
		};
		793E33232A22593400A2DBD7 /* Profile */ = {
			isa = PBXGroup;
			children = (
				793E33242A22595600A2DBD7 /* ProfileView.swift */,
			);
			path = Profile;
			sourceTree = "<group>";
		};
/* End PBXGroup section */

/* Begin PBXNativeTarget section */
		040854FF2A1C430800595321 /* PetZone-MacOS */ = {
			isa = PBXNativeTarget;
			buildConfigurationList = 0408550E2A1C430A00595321 /* Build configuration list for PBXNativeTarget "PetZone-MacOS" */;
			buildPhases = (
				040854FC2A1C430800595321 /* Sources */,
				040854FD2A1C430800595321 /* Frameworks */,
				040854FE2A1C430800595321 /* Resources */,
			);
			buildRules = (
			);
			dependencies = (
			);
			name = "PetZone-MacOS";
			productName = "PetZone-MacOS";
			productReference = 040855002A1C430800595321 /* PetZone-MacOS.app */;
			productType = "com.apple.product-type.application";
		};
		0462253E2A1B22F600B610AD /* PetZone-IOS */ = {
			isa = PBXNativeTarget;
			buildConfigurationList = 046225682A1B22F900B610AD /* Build configuration list for PBXNativeTarget "PetZone-IOS" */;
			buildPhases = (
				0462253B2A1B22F600B610AD /* Sources */,
				0462253C2A1B22F600B610AD /* Frameworks */,
				0462253D2A1B22F600B610AD /* Resources */,
			);
			buildRules = (
			);
			dependencies = (
			);
			name = "PetZone-IOS";
			productName = "PetZone-IOS";
			productReference = 0462253F2A1B22F600B610AD /* PetZone-IOS.app */;
			productType = "com.apple.product-type.application";
		};
		046225532A1B22F900B610AD /* PetZone-IOSTests */ = {
			isa = PBXNativeTarget;
			buildConfigurationList = 0462256B2A1B22F900B610AD /* Build configuration list for PBXNativeTarget "PetZone-IOSTests" */;
			buildPhases = (
				046225502A1B22F900B610AD /* Sources */,
				046225512A1B22F900B610AD /* Frameworks */,
				046225522A1B22F900B610AD /* Resources */,
			);
			buildRules = (
			);
			dependencies = (
				046225562A1B22F900B610AD /* PBXTargetDependency */,
			);
			name = "PetZone-IOSTests";
			productName = "PetZone-IOSTests";
			productReference = 046225542A1B22F900B610AD /* PetZone-IOSTests.xctest */;
			productType = "com.apple.product-type.bundle.unit-test";
		};
		0462255D2A1B22F900B610AD /* PetZone-IOSUITests */ = {
			isa = PBXNativeTarget;
			buildConfigurationList = 0462256E2A1B22F900B610AD /* Build configuration list for PBXNativeTarget "PetZone-IOSUITests" */;
			buildPhases = (
				0462255A2A1B22F900B610AD /* Sources */,
				0462255B2A1B22F900B610AD /* Frameworks */,
				0462255C2A1B22F900B610AD /* Resources */,
			);
			buildRules = (
			);
			dependencies = (
				046225602A1B22F900B610AD /* PBXTargetDependency */,
			);
			name = "PetZone-IOSUITests";
			productName = "PetZone-IOSUITests";
			productReference = 0462255E2A1B22F900B610AD /* PetZone-IOSUITests.xctest */;
			productType = "com.apple.product-type.bundle.ui-testing";
		};
/* End PBXNativeTarget section */

/* Begin PBXProject section */
		046225372A1B22F600B610AD /* Project object */ = {
			isa = PBXProject;
			attributes = {
				BuildIndependentTargetsInParallel = 1;
				LastSwiftUpdateCheck = 1430;
				LastUpgradeCheck = 1430;
				TargetAttributes = {
					040854FF2A1C430800595321 = {
						CreatedOnToolsVersion = 14.3;
					};
					0462253E2A1B22F600B610AD = {
						CreatedOnToolsVersion = 14.2;
					};
					046225532A1B22F900B610AD = {
						CreatedOnToolsVersion = 14.2;
						TestTargetID = 0462253E2A1B22F600B610AD;
					};
					0462255D2A1B22F900B610AD = {
						CreatedOnToolsVersion = 14.2;
						TestTargetID = 0462253E2A1B22F600B610AD;
					};
				};
			};
			buildConfigurationList = 0462253A2A1B22F600B610AD /* Build configuration list for PBXProject "PetZone-IOS" */;
			compatibilityVersion = "Xcode 14.0";
			developmentRegion = en;
			hasScannedForEncodings = 0;
			knownRegions = (
				en,
				Base,
			);
			mainGroup = 046225362A1B22F600B610AD;
			productRefGroup = 046225402A1B22F600B610AD /* Products */;
			projectDirPath = "";
			projectRoot = "";
			targets = (
				0462253E2A1B22F600B610AD /* PetZone-IOS */,
				046225532A1B22F900B610AD /* PetZone-IOSTests */,
				0462255D2A1B22F900B610AD /* PetZone-IOSUITests */,
				040854FF2A1C430800595321 /* PetZone-MacOS */,
			);
		};
/* End PBXProject section */

/* Begin PBXResourcesBuildPhase section */
		040854FE2A1C430800595321 /* Resources */ = {
			isa = PBXResourcesBuildPhase;
			buildActionMask = 2147483647;
			files = (
				040855152A1C443200595321 /* Poppins-Regular.ttf in Resources */,
				040855162A1C443200595321 /* Poppins-Medium.ttf in Resources */,
				040855172A1C443200595321 /* Poppins-Bold.ttf in Resources */,
				040855182A1C443200595321 /* Poppins-SemiBold.ttf in Resources */,
				0649E6742A205A8100D6CDE2 /* Assets.xcassets in Resources */,
				0649E6732A2059E900D6CDE2 /* Assets.xcassets in Resources */,
				0408550A2A1C430A00595321 /* Preview Assets.xcassets in Resources */,
			);
			runOnlyForDeploymentPostprocessing = 0;
		};
		0462253D2A1B22F600B610AD /* Resources */ = {
			isa = PBXResourcesBuildPhase;
			buildActionMask = 2147483647;
			files = (
				046225762A1B23BC00B610AD /* Poppins-Medium.ttf in Resources */,
				0462254A2A1B22F800B610AD /* Preview Assets.xcassets in Resources */,
				046225782A1B23BC00B610AD /* Poppins-Bold.ttf in Resources */,
				046225792A1B23BC00B610AD /* Poppins-SemiBold.ttf in Resources */,
				046225472A1B22F800B610AD /* Assets.xcassets in Resources */,
				046225772A1B23BC00B610AD /* Poppins-Regular.ttf in Resources */,
			);
			runOnlyForDeploymentPostprocessing = 0;
		};
		046225522A1B22F900B610AD /* Resources */ = {
			isa = PBXResourcesBuildPhase;
			buildActionMask = 2147483647;
			files = (
			);
			runOnlyForDeploymentPostprocessing = 0;
		};
		0462255C2A1B22F900B610AD /* Resources */ = {
			isa = PBXResourcesBuildPhase;
			buildActionMask = 2147483647;
			files = (
			);
			runOnlyForDeploymentPostprocessing = 0;
		};
/* End PBXResourcesBuildPhase section */

/* Begin PBXSourcesBuildPhase section */
		040854FC2A1C430800595321 /* Sources */ = {
			isa = PBXSourcesBuildPhase;
			buildActionMask = 2147483647;
			files = (
				0465DC242A1DC4ED002FDCAC /* HotelCardView.swift in Sources */,
				0680A4282A1F450B009535A1 /* OrderDetailView.swift in Sources */,
				068CC7862A1C53D700099235 /* OrderViewModel.swift in Sources */,
				0465DC182A1C4E6B002FDCAC /* MainView.swift in Sources */,
				067EC2E22A1F2BC600D69773 /* Format.swift in Sources */,
				040855202A1C458900595321 /* PetZone_IOS.xcdatamodeld in Sources */,
				067EC2E82A1F2C2C00D69773 /* OrderCardView.swift in Sources */,
				0649E6752A205C3D00D6CDE2 /* HotelViewModel.swift in Sources */,
				0465DC222A1CA6F8002FDCAC /* TransactionView.swift in Sources */,
				040855122A1C441300595321 /* PetHotel.swift in Sources */,
				0465DC1A2A1C5099002FDCAC /* HomeView.swift in Sources */,
				040855192A1C443600595321 /* DefaultButton.swift in Sources */,
				0408551C2A1C443600595321 /* OvalTextFieldStyle.swift in Sources */,
				79491F082A26651500A20B02 /* ProfileDetail.swift in Sources */,
				040855222A1C46EE00595321 /* PetZone_IOSApp.swift in Sources */,
				79491F072A26650900A20B02 /* ProfileView.swift in Sources */,
				0408551A2A1C443600595321 /* Color.swift in Sources */,
				79491F062A2664E300A20B02 /* EditProfileView.swift in Sources */,
				040855102A1C43B800595321 /* HotelDetailView.swift in Sources */,
				0680A4262A1F44A0009535A1 /* OrderListView.swift in Sources */,
				0408551D2A1C443600595321 /* CustomFont.swift in Sources */,
				040855132A1C441300595321 /* Order.swift in Sources */,
				0408551B2A1C443600595321 /* SearchBar.swift in Sources */,
				06EF77022A1E1CD40085A50F /* SplashView.swift in Sources */,
				040855212A1C463400595321 /* Persistence.swift in Sources */,
				040855142A1C441300595321 /* User.swift in Sources */,
				040855052A1C430900595321 /* ContentView.swift in Sources */,
			);
			runOnlyForDeploymentPostprocessing = 0;
		};
		0462253B2A1B22F600B610AD /* Sources */ = {
			isa = PBXSourcesBuildPhase;
			buildActionMask = 2147483647;
			files = (
				046225982A1B245800B610AD /* PetHotel.swift in Sources */,
				063264652A1E57780040EE6C /* Format.swift in Sources */,
				068CC7852A1C53D700099235 /* OrderViewModel.swift in Sources */,
				0465DC262A1EEE05002FDCAC /* HotelViewModel.swift in Sources */,
				064A37A62A1B5A0C00FEF914 /* OrderListView.swift in Sources */,
				0462259C2A1B2AB200B610AD /* MainView.swift in Sources */,
				0462258F2A1B242700B610AD /* EditProfileView.swift in Sources */,
				046225992A1B245800B610AD /* Order.swift in Sources */,
				064A37A82A1B5A0C00FEF914 /* OrderDetailView.swift in Sources */,
				046225822A1B240F00B610AD /* CustomFont.swift in Sources */,
				0462254C2A1B22F800B610AD /* Persistence.swift in Sources */,
				046225452A1B22F700B610AD /* ContentView.swift in Sources */,
				046225432A1B22F700B610AD /* PetZone_IOSApp.swift in Sources */,
				793E33272A2261B100A2DBD7 /* ProfileDetail.swift in Sources */,
				0462259A2A1B245800B610AD /* User.swift in Sources */,
				793E33252A22595600A2DBD7 /* ProfileView.swift in Sources */,
				046225902A1B242700B610AD /* TransactionView.swift in Sources */,
				046225802A1B240F00B610AD /* OvalTextFieldStyle.swift in Sources */,
				0462254F2A1B22F800B610AD /* PetZone_IOS.xcdatamodeld in Sources */,
				046225812A1B240F00B610AD /* SearchBar.swift in Sources */,
				046225922A1B242700B610AD /* HotelCardView.swift in Sources */,
				06EF77012A1E1C450085A50F /* SplashView.swift in Sources */,
				046225932A1B242700B610AD /* HotelDetailView.swift in Sources */,
				046225912A1B242700B610AD /* HomeView.swift in Sources */,
				046225832A1B240F00B610AD /* DefaultButton.swift in Sources */,
				046225842A1B240F00B610AD /* Color.swift in Sources */,
				064A37A72A1B5A0C00FEF914 /* OrderCardView.swift in Sources */,
			);
			runOnlyForDeploymentPostprocessing = 0;
		};
		046225502A1B22F900B610AD /* Sources */ = {
			isa = PBXSourcesBuildPhase;
			buildActionMask = 2147483647;
			files = (
				046225592A1B22F900B610AD /* PetZone_IOSTests.swift in Sources */,
			);
			runOnlyForDeploymentPostprocessing = 0;
		};
		0462255A2A1B22F900B610AD /* Sources */ = {
			isa = PBXSourcesBuildPhase;
			buildActionMask = 2147483647;
			files = (
				046225652A1B22F900B610AD /* PetZone_IOSUITestsLaunchTests.swift in Sources */,
				046225632A1B22F900B610AD /* PetZone_IOSUITests.swift in Sources */,
			);
			runOnlyForDeploymentPostprocessing = 0;
		};
/* End PBXSourcesBuildPhase section */

/* Begin PBXTargetDependency section */
		046225562A1B22F900B610AD /* PBXTargetDependency */ = {
			isa = PBXTargetDependency;
			target = 0462253E2A1B22F600B610AD /* PetZone-IOS */;
			targetProxy = 046225552A1B22F900B610AD /* PBXContainerItemProxy */;
		};
		046225602A1B22F900B610AD /* PBXTargetDependency */ = {
			isa = PBXTargetDependency;
			target = 0462253E2A1B22F600B610AD /* PetZone-IOS */;
			targetProxy = 0462255F2A1B22F900B610AD /* PBXContainerItemProxy */;
		};
/* End PBXTargetDependency section */

/* Begin XCBuildConfiguration section */
		0408550C2A1C430A00595321 /* Debug */ = {
			isa = XCBuildConfiguration;
			buildSettings = {
				ASSETCATALOG_COMPILER_APPICON_NAME = AppIcon;
				ASSETCATALOG_COMPILER_GLOBAL_ACCENT_COLOR_NAME = AccentColor;
				CODE_SIGN_ENTITLEMENTS = "PetZone-MacOS/PetZone_MacOS.entitlements";
				CODE_SIGN_STYLE = Automatic;
				COMBINE_HIDPI_IMAGES = YES;
				CURRENT_PROJECT_VERSION = 1;
				DEAD_CODE_STRIPPING = YES;
				DEVELOPMENT_ASSET_PATHS = "\"PetZone-MacOS/Preview Content\"";
				DEVELOPMENT_TEAM = "";
				ENABLE_HARDENED_RUNTIME = YES;
				ENABLE_PREVIEWS = YES;
				GENERATE_INFOPLIST_FILE = YES;
				INFOPLIST_FILE = "PetZone-MacOS/Info.plist";
				INFOPLIST_KEY_NSHumanReadableCopyright = "";
				LD_RUNPATH_SEARCH_PATHS = (
					"$(inherited)",
					"@executable_path/../Frameworks",
				);
				MACOSX_DEPLOYMENT_TARGET = 13.2;
				MARKETING_VERSION = 1.0;
				PRODUCT_BUNDLE_IDENTIFIER = "en.PetZone-MacOS";
				PRODUCT_NAME = "$(TARGET_NAME)";
				SDKROOT = macosx;
				SWIFT_EMIT_LOC_STRINGS = YES;
				SWIFT_VERSION = 5.0;
			};
			name = Debug;
		};
		0408550D2A1C430A00595321 /* Release */ = {
			isa = XCBuildConfiguration;
			buildSettings = {
				ASSETCATALOG_COMPILER_APPICON_NAME = AppIcon;
				ASSETCATALOG_COMPILER_GLOBAL_ACCENT_COLOR_NAME = AccentColor;
				CODE_SIGN_ENTITLEMENTS = "PetZone-MacOS/PetZone_MacOS.entitlements";
				CODE_SIGN_STYLE = Automatic;
				COMBINE_HIDPI_IMAGES = YES;
				CURRENT_PROJECT_VERSION = 1;
				DEAD_CODE_STRIPPING = YES;
				DEVELOPMENT_ASSET_PATHS = "\"PetZone-MacOS/Preview Content\"";
				DEVELOPMENT_TEAM = 5H7J7YUY92;
				ENABLE_HARDENED_RUNTIME = YES;
				ENABLE_PREVIEWS = YES;
				GENERATE_INFOPLIST_FILE = YES;
				INFOPLIST_FILE = "PetZone-MacOS/Info.plist";
				INFOPLIST_KEY_NSHumanReadableCopyright = "";
				LD_RUNPATH_SEARCH_PATHS = (
					"$(inherited)",
					"@executable_path/../Frameworks",
				);
				MACOSX_DEPLOYMENT_TARGET = 13.2;
				MARKETING_VERSION = 1.0;
				PRODUCT_BUNDLE_IDENTIFIER = "en.PetZone-MacOS";
				PRODUCT_NAME = "$(TARGET_NAME)";
				SDKROOT = macosx;
				SWIFT_EMIT_LOC_STRINGS = YES;
				SWIFT_VERSION = 5.0;
			};
			name = Release;
		};
		046225662A1B22F900B610AD /* Debug */ = {
			isa = XCBuildConfiguration;
			buildSettings = {
				ALWAYS_SEARCH_USER_PATHS = NO;
				CLANG_ANALYZER_NONNULL = YES;
				CLANG_ANALYZER_NUMBER_OBJECT_CONVERSION = YES_AGGRESSIVE;
				CLANG_CXX_LANGUAGE_STANDARD = "gnu++20";
				CLANG_ENABLE_MODULES = YES;
				CLANG_ENABLE_OBJC_ARC = YES;
				CLANG_ENABLE_OBJC_WEAK = YES;
				CLANG_WARN_BLOCK_CAPTURE_AUTORELEASING = YES;
				CLANG_WARN_BOOL_CONVERSION = YES;
				CLANG_WARN_COMMA = YES;
				CLANG_WARN_CONSTANT_CONVERSION = YES;
				CLANG_WARN_DEPRECATED_OBJC_IMPLEMENTATIONS = YES;
				CLANG_WARN_DIRECT_OBJC_ISA_USAGE = YES_ERROR;
				CLANG_WARN_DOCUMENTATION_COMMENTS = YES;
				CLANG_WARN_EMPTY_BODY = YES;
				CLANG_WARN_ENUM_CONVERSION = YES;
				CLANG_WARN_INFINITE_RECURSION = YES;
				CLANG_WARN_INT_CONVERSION = YES;
				CLANG_WARN_NON_LITERAL_NULL_CONVERSION = YES;
				CLANG_WARN_OBJC_IMPLICIT_RETAIN_SELF = YES;
				CLANG_WARN_OBJC_LITERAL_CONVERSION = YES;
				CLANG_WARN_OBJC_ROOT_CLASS = YES_ERROR;
				CLANG_WARN_QUOTED_INCLUDE_IN_FRAMEWORK_HEADER = YES;
				CLANG_WARN_RANGE_LOOP_ANALYSIS = YES;
				CLANG_WARN_STRICT_PROTOTYPES = YES;
				CLANG_WARN_SUSPICIOUS_MOVE = YES;
				CLANG_WARN_UNGUARDED_AVAILABILITY = YES_AGGRESSIVE;
				CLANG_WARN_UNREACHABLE_CODE = YES;
				CLANG_WARN__DUPLICATE_METHOD_MATCH = YES;
				COPY_PHASE_STRIP = NO;
				DEBUG_INFORMATION_FORMAT = dwarf;
				ENABLE_STRICT_OBJC_MSGSEND = YES;
				ENABLE_TESTABILITY = YES;
				GCC_C_LANGUAGE_STANDARD = gnu11;
				GCC_DYNAMIC_NO_PIC = NO;
				GCC_NO_COMMON_BLOCKS = YES;
				GCC_OPTIMIZATION_LEVEL = 0;
				GCC_PREPROCESSOR_DEFINITIONS = (
					"DEBUG=1",
					"$(inherited)",
				);
				GCC_WARN_64_TO_32_BIT_CONVERSION = YES;
				GCC_WARN_ABOUT_RETURN_TYPE = YES_ERROR;
				GCC_WARN_UNDECLARED_SELECTOR = YES;
				GCC_WARN_UNINITIALIZED_AUTOS = YES_AGGRESSIVE;
				GCC_WARN_UNUSED_FUNCTION = YES;
				GCC_WARN_UNUSED_VARIABLE = YES;
				IPHONEOS_DEPLOYMENT_TARGET = 16.2;
				MTL_ENABLE_DEBUG_INFO = INCLUDE_SOURCE;
				MTL_FAST_MATH = YES;
				ONLY_ACTIVE_ARCH = YES;
				SDKROOT = iphoneos;
				SWIFT_ACTIVE_COMPILATION_CONDITIONS = DEBUG;
				SWIFT_OPTIMIZATION_LEVEL = "-Onone";
			};
			name = Debug;
		};
		046225672A1B22F900B610AD /* Release */ = {
			isa = XCBuildConfiguration;
			buildSettings = {
				ALWAYS_SEARCH_USER_PATHS = NO;
				CLANG_ANALYZER_NONNULL = YES;
				CLANG_ANALYZER_NUMBER_OBJECT_CONVERSION = YES_AGGRESSIVE;
				CLANG_CXX_LANGUAGE_STANDARD = "gnu++20";
				CLANG_ENABLE_MODULES = YES;
				CLANG_ENABLE_OBJC_ARC = YES;
				CLANG_ENABLE_OBJC_WEAK = YES;
				CLANG_WARN_BLOCK_CAPTURE_AUTORELEASING = YES;
				CLANG_WARN_BOOL_CONVERSION = YES;
				CLANG_WARN_COMMA = YES;
				CLANG_WARN_CONSTANT_CONVERSION = YES;
				CLANG_WARN_DEPRECATED_OBJC_IMPLEMENTATIONS = YES;
				CLANG_WARN_DIRECT_OBJC_ISA_USAGE = YES_ERROR;
				CLANG_WARN_DOCUMENTATION_COMMENTS = YES;
				CLANG_WARN_EMPTY_BODY = YES;
				CLANG_WARN_ENUM_CONVERSION = YES;
				CLANG_WARN_INFINITE_RECURSION = YES;
				CLANG_WARN_INT_CONVERSION = YES;
				CLANG_WARN_NON_LITERAL_NULL_CONVERSION = YES;
				CLANG_WARN_OBJC_IMPLICIT_RETAIN_SELF = YES;
				CLANG_WARN_OBJC_LITERAL_CONVERSION = YES;
				CLANG_WARN_OBJC_ROOT_CLASS = YES_ERROR;
				CLANG_WARN_QUOTED_INCLUDE_IN_FRAMEWORK_HEADER = YES;
				CLANG_WARN_RANGE_LOOP_ANALYSIS = YES;
				CLANG_WARN_STRICT_PROTOTYPES = YES;
				CLANG_WARN_SUSPICIOUS_MOVE = YES;
				CLANG_WARN_UNGUARDED_AVAILABILITY = YES_AGGRESSIVE;
				CLANG_WARN_UNREACHABLE_CODE = YES;
				CLANG_WARN__DUPLICATE_METHOD_MATCH = YES;
				COPY_PHASE_STRIP = NO;
				DEBUG_INFORMATION_FORMAT = "dwarf-with-dsym";
				ENABLE_NS_ASSERTIONS = NO;
				ENABLE_STRICT_OBJC_MSGSEND = YES;
				GCC_C_LANGUAGE_STANDARD = gnu11;
				GCC_NO_COMMON_BLOCKS = YES;
				GCC_WARN_64_TO_32_BIT_CONVERSION = YES;
				GCC_WARN_ABOUT_RETURN_TYPE = YES_ERROR;
				GCC_WARN_UNDECLARED_SELECTOR = YES;
				GCC_WARN_UNINITIALIZED_AUTOS = YES_AGGRESSIVE;
				GCC_WARN_UNUSED_FUNCTION = YES;
				GCC_WARN_UNUSED_VARIABLE = YES;
				IPHONEOS_DEPLOYMENT_TARGET = 16.2;
				MTL_ENABLE_DEBUG_INFO = NO;
				MTL_FAST_MATH = YES;
				SDKROOT = iphoneos;
				SWIFT_COMPILATION_MODE = wholemodule;
				SWIFT_OPTIMIZATION_LEVEL = "-O";
				VALIDATE_PRODUCT = YES;
			};
			name = Release;
		};
		046225692A1B22F900B610AD /* Debug */ = {
			isa = XCBuildConfiguration;
			buildSettings = {
				ASSETCATALOG_COMPILER_APPICON_NAME = AppIcon;
				ASSETCATALOG_COMPILER_GLOBAL_ACCENT_COLOR_NAME = AccentColor;
				CODE_SIGN_STYLE = Automatic;
				CURRENT_PROJECT_VERSION = 1;
				DEVELOPMENT_ASSET_PATHS = "\"PetZone-IOS/Preview Content\"";
				DEVELOPMENT_TEAM = 7573MGT656;
				ENABLE_PREVIEWS = YES;
				GENERATE_INFOPLIST_FILE = YES;
				INFOPLIST_FILE = "PetZone-IOS/Info.plist";
				INFOPLIST_KEY_UIApplicationSceneManifest_Generation = YES;
				INFOPLIST_KEY_UIApplicationSupportsIndirectInputEvents = YES;
				INFOPLIST_KEY_UILaunchScreen_Generation = YES;
				INFOPLIST_KEY_UISupportedInterfaceOrientations_iPad = "UIInterfaceOrientationPortrait UIInterfaceOrientationPortraitUpsideDown UIInterfaceOrientationLandscapeLeft UIInterfaceOrientationLandscapeRight";
				INFOPLIST_KEY_UISupportedInterfaceOrientations_iPhone = "UIInterfaceOrientationPortrait UIInterfaceOrientationLandscapeLeft UIInterfaceOrientationLandscapeRight";
				LD_RUNPATH_SEARCH_PATHS = (
					"$(inherited)",
					"@executable_path/Frameworks",
				);
				MARKETING_VERSION = 1.0;
				PRODUCT_BUNDLE_IDENTIFIER = "petzone.PetZone-IOS2";
				PRODUCT_NAME = "$(TARGET_NAME)";
				SWIFT_EMIT_LOC_STRINGS = YES;
				SWIFT_VERSION = 5.0;
				TARGETED_DEVICE_FAMILY = "1,2";
			};
			name = Debug;
		};
		0462256A2A1B22F900B610AD /* Release */ = {
			isa = XCBuildConfiguration;
			buildSettings = {
				ASSETCATALOG_COMPILER_APPICON_NAME = AppIcon;
				ASSETCATALOG_COMPILER_GLOBAL_ACCENT_COLOR_NAME = AccentColor;
				CODE_SIGN_STYLE = Automatic;
				CURRENT_PROJECT_VERSION = 1;
				DEVELOPMENT_ASSET_PATHS = "\"PetZone-IOS/Preview Content\"";
				DEVELOPMENT_TEAM = 7573MGT656;
				ENABLE_PREVIEWS = YES;
				GENERATE_INFOPLIST_FILE = YES;
				INFOPLIST_FILE = "PetZone-IOS/Info.plist";
				INFOPLIST_KEY_UIApplicationSceneManifest_Generation = YES;
				INFOPLIST_KEY_UIApplicationSupportsIndirectInputEvents = YES;
				INFOPLIST_KEY_UILaunchScreen_Generation = YES;
				INFOPLIST_KEY_UISupportedInterfaceOrientations_iPad = "UIInterfaceOrientationPortrait UIInterfaceOrientationPortraitUpsideDown UIInterfaceOrientationLandscapeLeft UIInterfaceOrientationLandscapeRight";
				INFOPLIST_KEY_UISupportedInterfaceOrientations_iPhone = "UIInterfaceOrientationPortrait UIInterfaceOrientationLandscapeLeft UIInterfaceOrientationLandscapeRight";
				LD_RUNPATH_SEARCH_PATHS = (
					"$(inherited)",
					"@executable_path/Frameworks",
				);
				MARKETING_VERSION = 1.0;
				PRODUCT_BUNDLE_IDENTIFIER = "petzone.PetZone-IOS2";
				PRODUCT_NAME = "$(TARGET_NAME)";
				SWIFT_EMIT_LOC_STRINGS = YES;
				SWIFT_VERSION = 5.0;
				TARGETED_DEVICE_FAMILY = "1,2";
			};
			name = Release;
		};
		0462256C2A1B22F900B610AD /* Debug */ = {
			isa = XCBuildConfiguration;
			buildSettings = {
				ALWAYS_EMBED_SWIFT_STANDARD_LIBRARIES = YES;
				BUNDLE_LOADER = "$(TEST_HOST)";
				CODE_SIGN_STYLE = Automatic;
				CURRENT_PROJECT_VERSION = 1;
				DEVELOPMENT_TEAM = "";
				GENERATE_INFOPLIST_FILE = YES;
				IPHONEOS_DEPLOYMENT_TARGET = 16.2;
				MARKETING_VERSION = 1.0;
				PRODUCT_BUNDLE_IDENTIFIER = "petzone.PetZone-IOSTests";
				PRODUCT_NAME = "$(TARGET_NAME)";
				SWIFT_EMIT_LOC_STRINGS = NO;
				SWIFT_VERSION = 5.0;
				TARGETED_DEVICE_FAMILY = "1,2";
				TEST_HOST = "$(BUILT_PRODUCTS_DIR)/PetZone-IOS.app/$(BUNDLE_EXECUTABLE_FOLDER_PATH)/PetZone-IOS";
			};
			name = Debug;
		};
		0462256D2A1B22F900B610AD /* Release */ = {
			isa = XCBuildConfiguration;
			buildSettings = {
				ALWAYS_EMBED_SWIFT_STANDARD_LIBRARIES = YES;
				BUNDLE_LOADER = "$(TEST_HOST)";
				CODE_SIGN_STYLE = Automatic;
				CURRENT_PROJECT_VERSION = 1;
				DEVELOPMENT_TEAM = 9KGU3SB5D7;
				GENERATE_INFOPLIST_FILE = YES;
				IPHONEOS_DEPLOYMENT_TARGET = 16.2;
				MARKETING_VERSION = 1.0;
				PRODUCT_BUNDLE_IDENTIFIER = "petzone.PetZone-IOSTests";
				PRODUCT_NAME = "$(TARGET_NAME)";
				SWIFT_EMIT_LOC_STRINGS = NO;
				SWIFT_VERSION = 5.0;
				TARGETED_DEVICE_FAMILY = "1,2";
				TEST_HOST = "$(BUILT_PRODUCTS_DIR)/PetZone-IOS.app/$(BUNDLE_EXECUTABLE_FOLDER_PATH)/PetZone-IOS";
			};
			name = Release;
		};
		0462256F2A1B22F900B610AD /* Debug */ = {
			isa = XCBuildConfiguration;
			buildSettings = {
				ALWAYS_EMBED_SWIFT_STANDARD_LIBRARIES = YES;
				CODE_SIGN_STYLE = Automatic;
				CURRENT_PROJECT_VERSION = 1;
				DEVELOPMENT_TEAM = "";
				GENERATE_INFOPLIST_FILE = YES;
				MARKETING_VERSION = 1.0;
				PRODUCT_BUNDLE_IDENTIFIER = "petzone.PetZone-IOSUITests";
				PRODUCT_NAME = "$(TARGET_NAME)";
				SWIFT_EMIT_LOC_STRINGS = NO;
				SWIFT_VERSION = 5.0;
				TARGETED_DEVICE_FAMILY = "1,2";
				TEST_TARGET_NAME = "PetZone-IOS";
			};
			name = Debug;
		};
		046225702A1B22F900B610AD /* Release */ = {
			isa = XCBuildConfiguration;
			buildSettings = {
				ALWAYS_EMBED_SWIFT_STANDARD_LIBRARIES = YES;
				CODE_SIGN_STYLE = Automatic;
				CURRENT_PROJECT_VERSION = 1;
				DEVELOPMENT_TEAM = 9KGU3SB5D7;
				GENERATE_INFOPLIST_FILE = YES;
				MARKETING_VERSION = 1.0;
				PRODUCT_BUNDLE_IDENTIFIER = "petzone.PetZone-IOSUITests";
				PRODUCT_NAME = "$(TARGET_NAME)";
				SWIFT_EMIT_LOC_STRINGS = NO;
				SWIFT_VERSION = 5.0;
				TARGETED_DEVICE_FAMILY = "1,2";
				TEST_TARGET_NAME = "PetZone-IOS";
			};
			name = Release;
		};
/* End XCBuildConfiguration section */

/* Begin XCConfigurationList section */
		0408550E2A1C430A00595321 /* Build configuration list for PBXNativeTarget "PetZone-MacOS" */ = {
			isa = XCConfigurationList;
			buildConfigurations = (
				0408550C2A1C430A00595321 /* Debug */,
				0408550D2A1C430A00595321 /* Release */,
			);
			defaultConfigurationIsVisible = 0;
			defaultConfigurationName = Release;
		};
		0462253A2A1B22F600B610AD /* Build configuration list for PBXProject "PetZone-IOS" */ = {
			isa = XCConfigurationList;
			buildConfigurations = (
				046225662A1B22F900B610AD /* Debug */,
				046225672A1B22F900B610AD /* Release */,
			);
			defaultConfigurationIsVisible = 0;
			defaultConfigurationName = Release;
		};
		046225682A1B22F900B610AD /* Build configuration list for PBXNativeTarget "PetZone-IOS" */ = {
			isa = XCConfigurationList;
			buildConfigurations = (
				046225692A1B22F900B610AD /* Debug */,
				0462256A2A1B22F900B610AD /* Release */,
			);
			defaultConfigurationIsVisible = 0;
			defaultConfigurationName = Release;
		};
		0462256B2A1B22F900B610AD /* Build configuration list for PBXNativeTarget "PetZone-IOSTests" */ = {
			isa = XCConfigurationList;
			buildConfigurations = (
				0462256C2A1B22F900B610AD /* Debug */,
				0462256D2A1B22F900B610AD /* Release */,
			);
			defaultConfigurationIsVisible = 0;
			defaultConfigurationName = Release;
		};
		0462256E2A1B22F900B610AD /* Build configuration list for PBXNativeTarget "PetZone-IOSUITests" */ = {
			isa = XCConfigurationList;
			buildConfigurations = (
				0462256F2A1B22F900B610AD /* Debug */,
				046225702A1B22F900B610AD /* Release */,
			);
			defaultConfigurationIsVisible = 0;
			defaultConfigurationName = Release;
		};
/* End XCConfigurationList section */

/* Begin XCVersionGroup section */
		0462254D2A1B22F800B610AD /* PetZone_IOS.xcdatamodeld */ = {
			isa = XCVersionGroup;
			children = (
				0462254E2A1B22F800B610AD /* PetZone_IOS.xcdatamodel */,
			);
			currentVersion = 0462254E2A1B22F800B610AD /* PetZone_IOS.xcdatamodel */;
			path = PetZone_IOS.xcdatamodeld;
			sourceTree = "<group>";
			versionGroupType = wrapper.xcdatamodel;
		};
/* End XCVersionGroup section */
	};
	rootObject = 046225372A1B22F600B610AD /* Project object */;
}
